// !$*UTF8*$!
{
	archiveVersion = 1;
	classes = {
	};
	objectVersion = 46;
	objects = {

/* Begin PBXBuildFile section */
		67E64572E9B55A87D097F5B3 /* QuartzCore.framework in Frameworks */ = {isa = PBXBuildFile; fileRef = 3F70DEC439C159E620819E88 /* QuartzCore.framework */; };
		7D82C581F1B83C4C4E9A6886 /* CoreData.framework in Frameworks */ = {isa = PBXBuildFile; fileRef = 36C5FF23C7688A0BC51622DB /* CoreData.framework */; };
		BBCBCE7C77D78296313810E3 /* Stubs.m in Sources */ = {isa = PBXBuildFile; fileRef = 9E787F7C6F434E344D6A8189 /* Stubs.m */; };
		EC03FE9A6FDB5FCEE54AF97C /* CoreGraphics.framework in Frameworks */ = {isa = PBXBuildFile; fileRef = 362F69EA6816AA2346751FDC /* CoreGraphics.framework */; };
/* End PBXBuildFile section */

/* Begin PBXFileReference section */
		05CEAC8657D16C7759424A0A /* Images.xcassets */ = {isa = PBXFileReference; includeInIndex = 1; lastKnownFileType = folder.assetcatalog; path = Images.xcassets; sourceTree = "<group>"; };
		0FEB73F6B61EEA4F2FB4AB92 /* libib.a */ = {isa = PBXFileReference; explicitFileType = archive.ar; includeInIndex = 0; path = libib.a; sourceTree = BUILT_PRODUCTS_DIR; };
		182C77895724819C8F55516D /* Interface.storyboard */ = {isa = PBXFileReference; includeInIndex = 1; lastKnownFileType = file.storyboard; name = Interface.storyboard; path = Base.lproj/Interface.storyboard; sourceTree = "<group>"; };
		1977352F66458AC3837CE034 /* Stubs.h */ = {isa = PBXFileReference; includeInIndex = 1; lastKnownFileType = sourcecode.c.h; path = Stubs.h; sourceTree = "<group>"; };
		362F69EA6816AA2346751FDC /* CoreGraphics.framework */ = {isa = PBXFileReference; lastKnownFileType = wrapper.framework; name = CoreGraphics.framework; path = Platforms/iPhoneOS.platform/Developer/SDKs/iPhoneOS12.0.sdk/System/Library/Frameworks/CoreGraphics.framework; sourceTree = DEVELOPER_DIR; };
		36C5FF23C7688A0BC51622DB /* CoreData.framework */ = {isa = PBXFileReference; lastKnownFileType = wrapper.framework; name = CoreData.framework; path = Platforms/iPhoneOS.platform/Developer/SDKs/iPhoneOS12.0.sdk/System/Library/Frameworks/CoreData.framework; sourceTree = DEVELOPER_DIR; };
		3F70DEC439C159E620819E88 /* QuartzCore.framework */ = {isa = PBXFileReference; lastKnownFileType = wrapper.framework; name = QuartzCore.framework; path = Platforms/iPhoneOS.platform/Developer/SDKs/iPhoneOS12.0.sdk/System/Library/Frameworks/QuartzCore.framework; sourceTree = DEVELOPER_DIR; };
		4073F866EBB74312AF61A51D /* Base.lproj */ = {isa = PBXFileReference; includeInIndex = 1; lastKnownFileType = folder; path = Base.lproj; sourceTree = "<group>"; };
		9E787F7C6F434E344D6A8189 /* Stubs.m */ = {isa = PBXFileReference; includeInIndex = 1; lastKnownFileType = sourcecode.c.objc; path = Stubs.m; sourceTree = "<group>"; };
/* End PBXFileReference section */

/* Begin PBXFrameworksBuildPhase section */
		5224F34D3CD9AB28F327CC71 /* Frameworks */ = {
			isa = PBXFrameworksBuildPhase;
			buildActionMask = 2147483647;
			files = (
				67E64572E9B55A87D097F5B3 /* QuartzCore.framework in Frameworks */,
				EC03FE9A6FDB5FCEE54AF97C /* CoreGraphics.framework in Frameworks */,
				7D82C581F1B83C4C4E9A6886 /* CoreData.framework in Frameworks */,
			);
			runOnlyForDeploymentPostprocessing = 0;
		};
/* End PBXFrameworksBuildPhase section */

/* Begin PBXGroup section */
		06E1569A81BF90A8066C9530 /* Pods */ = {
			isa = PBXGroup;
			children = (
			);
			name = Pods;
			path = "/Users/cmcknight/code/objective-c/SKWatch/rm/skwatch/sk_watch_game/vendor/Pods/Headers";
			sourceTree = "<group>";
		};
		0713B5E812838B61D8C60358 /* iOS */ = {
			isa = PBXGroup;
			children = (
				3F70DEC439C159E620819E88 /* QuartzCore.framework */,
				362F69EA6816AA2346751FDC /* CoreGraphics.framework */,
				36C5FF23C7688A0BC51622DB /* CoreData.framework */,
			);
			name = iOS;
			sourceTree = "<group>";
		};
		1E112951E84263C8BC98DAF8 /* Frameworks */ = {
			isa = PBXGroup;
			children = (
				0713B5E812838B61D8C60358 /* iOS */,
			);
			name = Frameworks;
			sourceTree = "<group>";
		};
		29A5EFE440AB2E3E2EAA78FA /* Products */ = {
			isa = PBXGroup;
			children = (
				0FEB73F6B61EEA4F2FB4AB92 /* libib.a */,
			);
			name = Products;
			sourceTree = "<group>";
		};
		4143645C95FFDE2397D550C4 /* Resources */ = {
			isa = PBXGroup;
			children = (
				E46DCF7626496C31FA2883E8 /* watch_app */,
			);
			name = Resources;
			sourceTree = "<group>";
		};
		5A7BE65C5F0EF66183BDB15E /* Supporting Files */ = {
			isa = PBXGroup;
			children = (
				1977352F66458AC3837CE034 /* Stubs.h */,
				9E787F7C6F434E344D6A8189 /* Stubs.m */,
			);
			name = "Supporting Files";
			path = "/Users/cmcknight/code/objective-c/SKWatch/rm/skwatch/sk_watch_game/ib.xcodeproj";
			sourceTree = "<group>";
		};
		A6098CD41BD414A1771E0092 = {
			isa = PBXGroup;
			children = (
				29A5EFE440AB2E3E2EAA78FA /* Products */,
				1E112951E84263C8BC98DAF8 /* Frameworks */,
				5A7BE65C5F0EF66183BDB15E /* Supporting Files */,
				06E1569A81BF90A8066C9530 /* Pods */,
				4143645C95FFDE2397D550C4 /* Resources */,
			);
			sourceTree = "<group>";
		};
		E46DCF7626496C31FA2883E8 /* watch_app */ = {
			isa = PBXGroup;
			children = (
				05CEAC8657D16C7759424A0A /* Images.xcassets */,
				182C77895724819C8F55516D /* Interface.storyboard */,
				4073F866EBB74312AF61A51D /* Base.lproj */,
			);
			path = watch_app;
			sourceTree = "<group>";
		};
/* End PBXGroup section */

/* Begin PBXHeadersBuildPhase section */
		880E616E078428ED68F53ACB /* Headers */ = {
			isa = PBXHeadersBuildPhase;
			buildActionMask = 2147483647;
			files = (
			);
			runOnlyForDeploymentPostprocessing = 0;
		};
/* End PBXHeadersBuildPhase section */

/* Begin PBXNativeTarget section */
		8289D920BA6BA18FE4466ACF /* ib */ = {
			isa = PBXNativeTarget;
			buildConfigurationList = 5E90B415BCC1DD46879CBE3A /* Build configuration list for PBXNativeTarget "ib" */;
			buildPhases = (
				880E616E078428ED68F53ACB /* Headers */,
				FE00CA1A5FEE1E5DDEB6BF49 /* Sources */,
				5224F34D3CD9AB28F327CC71 /* Frameworks */,
			);
			buildRules = (
			);
			dependencies = (
			);
			name = ib;
			productName = ib;
			productReference = 0FEB73F6B61EEA4F2FB4AB92 /* libib.a */;
			productType = "com.apple.product-type.library.static";
		};
/* End PBXNativeTarget section */

/* Begin PBXProject section */
		25862736886CDE56E840A8C4 /* Project object */ = {
			isa = PBXProject;
			attributes = {
				LastSwiftUpdateCheck = 0930;
				LastUpgradeCheck = 0930;
			};
			buildConfigurationList = 68D16798F90F4BE13AA7938D /* Build configuration list for PBXProject "ib" */;
			compatibilityVersion = "Xcode 3.2";
			developmentRegion = English;
			hasScannedForEncodings = 0;
			knownRegions = (
				en,
			);
			mainGroup = A6098CD41BD414A1771E0092;
			productRefGroup = 29A5EFE440AB2E3E2EAA78FA /* Products */;
			projectDirPath = "";
			projectRoot = "";
			targets = (
				8289D920BA6BA18FE4466ACF /* ib */,
			);
		};
/* End PBXProject section */

/* Begin PBXSourcesBuildPhase section */
		FE00CA1A5FEE1E5DDEB6BF49 /* Sources */ = {
			isa = PBXSourcesBuildPhase;
			buildActionMask = 2147483647;
			files = (
				BBCBCE7C77D78296313810E3 /* Stubs.m in Sources */,
			);
			runOnlyForDeploymentPostprocessing = 0;
		};
/* End PBXSourcesBuildPhase section */

/* Begin XCBuildConfiguration section */
		2415B6DA37107D80B4748378 /* Release */ = {
			isa = XCBuildConfiguration;
			buildSettings = {
				ALWAYS_SEARCH_USER_PATHS = NO;
				CLANG_ANALYZER_NONNULL = YES;
				CLANG_ANALYZER_NUMBER_OBJECT_CONVERSION = YES_AGGRESSIVE;
				CLANG_CXX_LANGUAGE_STANDARD = "gnu++14";
				CLANG_CXX_LIBRARY = "libc++";
				CLANG_ENABLE_MODULES = YES;
				CLANG_ENABLE_OBJC_ARC = YES;
				CLANG_ENABLE_OBJC_WEAK = YES;
				CLANG_WARN_BLOCK_CAPTURE_AUTORELEASING = YES;
				CLANG_WARN_BOOL_CONVERSION = YES;
				CLANG_WARN_COMMA = YES;
				CLANG_WARN_CONSTANT_CONVERSION = YES;
				CLANG_WARN_DEPRECATED_OBJC_IMPLEMENTATIONS = YES;
				CLANG_WARN_DIRECT_OBJC_ISA_USAGE = YES_ERROR;
				CLANG_WARN_DOCUMENTATION_COMMENTS = YES;
				CLANG_WARN_EMPTY_BODY = YES;
				CLANG_WARN_ENUM_CONVERSION = YES;
				CLANG_WARN_INFINITE_RECURSION = YES;
				CLANG_WARN_INT_CONVERSION = YES;
				CLANG_WARN_NON_LITERAL_NULL_CONVERSION = YES;
				CLANG_WARN_OBJC_IMPLICIT_RETAIN_SELF = YES;
				CLANG_WARN_OBJC_LITERAL_CONVERSION = YES;
				CLANG_WARN_OBJC_ROOT_CLASS = YES_ERROR;
				CLANG_WARN_RANGE_LOOP_ANALYSIS = YES;
				CLANG_WARN_STRICT_PROTOTYPES = YES;
				CLANG_WARN_SUSPICIOUS_MOVE = YES;
				CLANG_WARN_UNGUARDED_AVAILABILITY = YES_AGGRESSIVE;
				CLANG_WARN_UNREACHABLE_CODE = YES;
				CLANG_WARN__DUPLICATE_METHOD_MATCH = YES;
				COPY_PHASE_STRIP = NO;
				DEBUG_INFORMATION_FORMAT = "dwarf-with-dsym";
				ENABLE_NS_ASSERTIONS = NO;
				ENABLE_STRICT_OBJC_MSGSEND = YES;
				GCC_C_LANGUAGE_STANDARD = gnu11;
				GCC_NO_COMMON_BLOCKS = YES;
				GCC_WARN_64_TO_32_BIT_CONVERSION = YES;
				GCC_WARN_ABOUT_RETURN_TYPE = YES_ERROR;
				GCC_WARN_UNDECLARED_SELECTOR = YES;
				GCC_WARN_UNINITIALIZED_AUTOS = YES_AGGRESSIVE;
				GCC_WARN_UNUSED_FUNCTION = YES;
				GCC_WARN_UNUSED_VARIABLE = YES;
				MTL_ENABLE_DEBUG_INFO = NO;
				MTL_FAST_MATH = YES;
				PRODUCT_NAME = "$(TARGET_NAME)";
				SWIFT_OPTIMIZATION_LEVEL = "-Owholemodule";
				SWIFT_VERSION = 4.2;
			};
			name = Release;
		};
		2EDAEC91CB64744BD07009DD /* Debug */ = {
			isa = XCBuildConfiguration;
			buildSettings = {
				ALWAYS_SEARCH_USER_PATHS = NO;
				CLANG_ANALYZER_NONNULL = YES;
				CLANG_ANALYZER_NUMBER_OBJECT_CONVERSION = YES_AGGRESSIVE;
				CLANG_CXX_LANGUAGE_STANDARD = "gnu++14";
				CLANG_CXX_LIBRARY = "libc++";
				CLANG_ENABLE_MODULES = YES;
				CLANG_ENABLE_OBJC_ARC = YES;
				CLANG_ENABLE_OBJC_WEAK = YES;
				CLANG_WARN_BLOCK_CAPTURE_AUTORELEASING = YES;
				CLANG_WARN_BOOL_CONVERSION = YES;
				CLANG_WARN_COMMA = YES;
				CLANG_WARN_CONSTANT_CONVERSION = YES;
				CLANG_WARN_DEPRECATED_OBJC_IMPLEMENTATIONS = YES;
				CLANG_WARN_DIRECT_OBJC_ISA_USAGE = YES_ERROR;
				CLANG_WARN_DOCUMENTATION_COMMENTS = YES;
				CLANG_WARN_EMPTY_BODY = YES;
				CLANG_WARN_ENUM_CONVERSION = YES;
				CLANG_WARN_INFINITE_RECURSION = YES;
				CLANG_WARN_INT_CONVERSION = YES;
				CLANG_WARN_NON_LITERAL_NULL_CONVERSION = YES;
				CLANG_WARN_OBJC_IMPLICIT_RETAIN_SELF = YES;
				CLANG_WARN_OBJC_LITERAL_CONVERSION = YES;
				CLANG_WARN_OBJC_ROOT_CLASS = YES_ERROR;
				CLANG_WARN_RANGE_LOOP_ANALYSIS = YES;
				CLANG_WARN_STRICT_PROTOTYPES = YES;
				CLANG_WARN_SUSPICIOUS_MOVE = YES;
				CLANG_WARN_UNGUARDED_AVAILABILITY = YES_AGGRESSIVE;
				CLANG_WARN_UNREACHABLE_CODE = YES;
				CLANG_WARN__DUPLICATE_METHOD_MATCH = YES;
				COPY_PHASE_STRIP = NO;
				DEBUG_INFORMATION_FORMAT = dwarf;
				ENABLE_STRICT_OBJC_MSGSEND = YES;
				ENABLE_TESTABILITY = YES;
				GCC_C_LANGUAGE_STANDARD = gnu11;
				GCC_DYNAMIC_NO_PIC = NO;
				GCC_NO_COMMON_BLOCKS = YES;
				GCC_OPTIMIZATION_LEVEL = 0;
				GCC_PREPROCESSOR_DEFINITIONS = (
					"DEBUG=1",
					"$(inherited)",
				);
				GCC_WARN_64_TO_32_BIT_CONVERSION = YES;
				GCC_WARN_ABOUT_RETURN_TYPE = YES_ERROR;
				GCC_WARN_UNDECLARED_SELECTOR = YES;
				GCC_WARN_UNINITIALIZED_AUTOS = YES_AGGRESSIVE;
				GCC_WARN_UNUSED_FUNCTION = YES;
				GCC_WARN_UNUSED_VARIABLE = YES;
				MTL_ENABLE_DEBUG_INFO = INCLUDE_SOURCE;
				MTL_FAST_MATH = YES;
				ONLY_ACTIVE_ARCH = YES;
				PRODUCT_NAME = "$(TARGET_NAME)";
				SWIFT_ACTIVE_COMPILATION_CONDITIONS = DEBUG;
				SWIFT_OPTIMIZATION_LEVEL = "-Onone";
				SWIFT_VERSION = 4.2;
			};
			name = Debug;
		};
		6F692729CA6D299FB2DC9A32 /* Debug */ = {
			isa = XCBuildConfiguration;
			buildSettings = {
				CODE_SIGN_IDENTITY = "iPhone Developer";
				OTHER_LDFLAGS = "-ObjC";
				SDKROOT = iphoneos;
				SKIP_INSTALL = YES;
				TARGETED_DEVICE_FAMILY = "1,2";
			};
			name = Debug;
		};
		B4939812D488E8AC86436779 /* Release */ = {
			isa = XCBuildConfiguration;
			buildSettings = {
				CODE_SIGN_IDENTITY = "iPhone Developer";
				OTHER_LDFLAGS = "-ObjC";
				SDKROOT = iphoneos;
				SKIP_INSTALL = YES;
				TARGETED_DEVICE_FAMILY = "1,2";
				VALIDATE_PRODUCT = YES;
			};
			name = Release;
		};
/* End XCBuildConfiguration section */

/* Begin XCConfigurationList section */
		5E90B415BCC1DD46879CBE3A /* Build configuration list for PBXNativeTarget "ib" */ = {
			isa = XCConfigurationList;
			buildConfigurations = (
				B4939812D488E8AC86436779 /* Release */,
				6F692729CA6D299FB2DC9A32 /* Debug */,
			);
			defaultConfigurationIsVisible = 0;
			defaultConfigurationName = Release;
		};
		68D16798F90F4BE13AA7938D /* Build configuration list for PBXProject "ib" */ = {
			isa = XCConfigurationList;
			buildConfigurations = (
				2EDAEC91CB64744BD07009DD /* Debug */,
				2415B6DA37107D80B4748378 /* Release */,
			);
			defaultConfigurationIsVisible = 0;
			defaultConfigurationName = Release;
		};
/* End XCConfigurationList section */
	};
	rootObject = 25862736886CDE56E840A8C4 /* Project object */;
}
